{
    "_readme": [
        "This file locks the dependencies of your project to a known state",
        "Read more about it at https://getcomposer.org/doc/01-basic-usage.md#installing-dependencies",
        "This file is @generated automatically"
    ],
    "content-hash": "382d02f29ad2fd6b2874bd6a3ac9138e",
    "packages": [
        {
            "name": "erusev/parsedown",
            "version": "1.8.0",
            "source": {
                "type": "git",
                "url": "https://github.com/erusev/parsedown.git",
                "reference": "96baaad00f71ba04d76e45b4620f54d3beabd6f7"
            },
            "dist": {
                "type": "zip",
                "url": "https://api.github.com/repos/erusev/parsedown/zipball/96baaad00f71ba04d76e45b4620f54d3beabd6f7",
                "reference": "96baaad00f71ba04d76e45b4620f54d3beabd6f7",
                "shasum": ""
            },
            "require": {
                "ext-mbstring": "*",
                "php": ">=7.1"
            },
            "require-dev": {
                "phpunit/phpunit": "^7.5|^8.5|^9.6"
            },
            "type": "library",
            "autoload": {
                "psr-0": {
                    "Parsedown": ""
                }
            },
            "notification-url": "https://packagist.org/downloads/",
            "license": [
                "MIT"
            ],
            "authors": [
                {
                    "name": "Emanuil Rusev",
                    "email": "hello@erusev.com",
                    "homepage": "http://erusev.com"
                }
            ],
            "description": "Parser for Markdown.",
            "homepage": "http://parsedown.org",
            "keywords": [
                "markdown",
                "parser"
            ],
            "support": {
                "issues": "https://github.com/erusev/parsedown/issues",
                "source": "https://github.com/erusev/parsedown/tree/1.8.0"
            },
            "funding": [
                {
                    "url": "https://github.com/erusev",
                    "type": "github"
                }
            ],
            "time": "2026-02-16T11:41:01+00:00"
        },
        {
            "name": "htmlburger/carbon-common",
            "version": "1.3.2",
            "source": {
                "type": "git",
                "url": "https://bitbucket.org/htmlburger/carbon-common.git",
                "reference": "7ba0bb77e3c52125d1b9d5af744b38eb75f07882"
            },
            "dist": {
                "type": "zip",
                "url": "https://bitbucket.org/htmlburger/carbon-common/get/7ba0bb77e3c52125d1b9d5af744b38eb75f07882.zip",
                "reference": "7ba0bb77e3c52125d1b9d5af744b38eb75f07882",
                "shasum": ""
            },
            "require": {
                "erusev/parsedown": "^1.6"
            },
            "type": "library",
            "autoload": {
                "files": [
                    "carbon-common.php"
                ]
            },
            "notification-url": "https://packagist.org/downloads/",
            "license": [
                "GPL-2.0"
            ],
            "authors": [
                {
                    "name": "htmlburger",
                    "email": "info@htmlburger.com"
                }
            ],
            "description": "A collection of common utility functions, useful for building WordPress themes and plugins.",
            "homepage": "https://bitbucket.org/htmlburger/carbon-common",
            "support": {
                "source": "https://bitbucket.org/htmlburger/carbon-common/src/7ba0bb77e3c52125d1b9d5af744b38eb75f07882/?at=1.3.2"
            },
            "time": "2020-08-14T13:09:46+00:00"
        },
        {
            "name": "htmlburger/carbon-fields",
            "version": "v3.6.9",
            "source": {
                "type": "git",
                "url": "https://github.com/htmlburger/carbon-fields.git",
                "reference": "f82e80e3e3469d6e86cc17a8950b918ad448a059"
            },
            "dist": {
                "type": "zip",
                "url": "https://api.github.com/repos/htmlburger/carbon-fields/zipball/f82e80e3e3469d6e86cc17a8950b918ad448a059",
                "reference": "f82e80e3e3469d6e86cc17a8950b918ad448a059",
                "shasum": ""
            },
            "require": {
                "php": ">=5.6.20"
            },
            "require-dev": {
                "mockery/mockery": "1.3.6",
                "phpunit/phpunit": "7.5.20|9.6.3",
                "yoast/phpunit-polyfills": "^1.0"
            },
            "type": "library",
            "autoload": {
                "psr-4": {
                    "Carbon_Fields\\": "core/"
                }
            },
            "notification-url": "https://packagist.org/downloads/",
            "license": [
                "GPL-2.0-only"
            ],
            "authors": [
                {
                    "name": "htmlBurger",
                    "email": "wordpress@htmlburger.com",
                    "homepage": "https://htmlburger.com/",
                    "role": "Developer"
                },
                {
                    "name": "Miroslav Mitev",
                    "email": "mmitev.2create@gmail.com",
                    "role": "Developer"
                },
                {
                    "name": "Atanas Angelov",
                    "email": "atanas.angelov.dev@gmail.com",
                    "role": "Developer"
                },
                {
                    "name": "Georgi Stoyanov",
                    "email": "stoyanov.gs@gmail.com",
                    "role": "Developer"
                },
                {
                    "name": "Plamen Kostadinov",
                    "email": "pkostadinov.2create@gmail.com",
                    "homepage": "http://plasmen.info/",
                    "role": "Developer"
                },
                {
                    "name": "Stanimir Panchev",
                    "email": "Stan4omir@gmail.com",
                    "role": "Developer"
                },
                {
                    "name": "Marin Atanasov",
                    "email": "contact@marinatanasov.com",
                    "homepage": "http://marinatanasov.com/",
                    "role": "Developer"
                },
                {
                    "name": "Siyan Panayotov",
                    "homepage": "http://siyanpanayotov.com/",
                    "role": "Developer"
                },
                {
                    "name": "Peter Petrov",
                    "email": "peter.petrov89@gmail.com",
                    "role": "Developer"
                },
                {
                    "name": "Stanimir Stoyanov",
                    "email": "stanimir.k.stoyanov@gmail.com",
                    "role": "Developer"
                },
                {
                    "name": "Kaloyan Ivanov",
                    "email": "kaloyanxivanov@gmail.com",
                    "homepage": "http://vilepixels.com/",
                    "role": "Developer"
                },
                {
                    "name": "Georgi Popov",
                    "homepage": "http://magadanski.com/",
                    "role": "Developer"
                },
                {
                    "name": "German Velchev",
                    "email": "germozy@gmail.com",
                    "role": "Developer"
                },
                {
                    "name": "Rashko Petrov",
                    "email": "brutalenemy666@gmail.com",
                    "homepage": "http://errorfactory.com/",
                    "role": "Developer"
                },
                {
                    "name": "Alexander Panayotov",
                    "email": "alexander.panayotov@gmail.com",
                    "homepage": "http://alexanderpanayotov.com/",
                    "role": "Developer"
                },
                {
                    "name": "Viktor Vasilev",
                    "email": "liberalcho@gmail.com",
                    "role": "Developer"
                },
                {
                    "name": "Georgi Georgiev",
                    "email": "george.georgiev96@gmail.com",
                    "role": "Developer"
                },
                {
                    "name": "Atanas Vasilev",
                    "email": "atanasvasilev91@gmail.com",
                    "role": "Developer"
                }
            ],
            "description": "WordPress developer-friendly custom fields for post types, taxonomy terms, users, comments, widgets, options and more.",
            "homepage": "http://carbonfields.net/",
            "support": {
                "docs": "http://carbonfields.net/docs/",
                "email": "wordpress@htmlburger.com",
                "issues": "https://github.com/htmlburger/carbon-fields/issues",
                "source": "https://github.com/htmlburger/carbon-fields"
            },
            "time": "2025-06-11T11:23:23+00:00"
        },
        {
            "name": "htmlburger/carbon-pagination",
            "version": "v1.1.6",
            "source": {
                "type": "git",
                "url": "https://bitbucket.org/htmlburger/carbon-pagination.git",
                "reference": "fc3251acc572a0af79a95189816a13c728f570b7"
            },
            "dist": {
                "type": "zip",
                "url": "https://bitbucket.org/htmlburger/carbon-pagination/get/fc3251acc572a0af79a95189816a13c728f570b7.zip",
                "reference": "fc3251acc572a0af79a95189816a13c728f570b7",
                "shasum": ""
            },
            "type": "library",
            "autoload": {
                "files": [
                    "carbon-pagination.php"
                ]
            },
            "notification-url": "https://packagist.org/downloads/",
            "license": [
                "GPL-2.0+"
            ],
            "authors": [
                {
                    "name": "Marin Atanasov",
                    "email": "contact@marinatanasov.com"
                },
                {
                    "name": "htmlBurger",
                    "email": "info@htmlburger.com"
                }
            ],
            "description": "A handy WordPress library for building all kinds of paginations.",
            "homepage": "https://bitbucket.org/htmlburger/carbon-pagination",
            "keywords": [
                "carbon",
                "comments",
                "first",
                "last",
                "loop",
                "next",
                "page",
                "pages",
                "pagination",
                "paging",
                "prev"
            ],
            "support": {
                "source": "https://bitbucket.org/htmlburger/carbon-pagination/src/fc3251acc572a0af79a95189816a13c728f570b7/?at=master"
            },
            "time": "2018-09-03T18:21:35+00:00"
        },
        {
            "name": "htmlburger/carbon-video",
            "version": "1.0.2",
            "source": {
                "type": "git",
                "url": "https://bitbucket.org/htmlburger/carbon-video.git",
                "reference": "f9c63d77b63243b18e79a3c472de11727a9fad05"
            },
            "dist": {
                "type": "zip",
                "url": "https://bitbucket.org/htmlburger/carbon-video/get/f9c63d77b63243b18e79a3c472de11727a9fad05.zip",
                "reference": "f9c63d77b63243b18e79a3c472de11727a9fad05",
                "shasum": ""
            },
            "type": "library",
            "autoload": {
                "files": [
                    "carbon-video.php"
                ]
            },
            "notification-url": "https://packagist.org/downloads/",
            "license": [
                "GPL-2.0"
            ],
            "authors": [
                {
                    "name": "htmlburger",
                    "email": "info@htmlburger.com"
                }
            ],
            "description": "Video utility library.",
            "homepage": "https://bitbucket.org/htmlburger/carbon-video",
            "support": {
                "source": "https://bitbucket.org/htmlburger/carbon-video/src/f9c63d77b63243b18e79a3c472de11727a9fad05/?at=1.0.2"
            },
            "time": "2019-07-24T07:48:24+00:00"
        }
    ],
    "packages-dev": [
        {
            "name": "htmlburger/carbon-debug",
            "version": "1.0.2",
            "source": {
                "type": "git",
                "url": "https://bitbucket.org/htmlburger/carbon-debug.git",
                "reference": "5f9f80817c96df8335c03875d74074862623fe5a"
            },
            "dist": {
                "type": "zip",
                "url": "https://bitbucket.org/htmlburger/carbon-debug/get/5f9f80817c96df8335c03875d74074862623fe5a.zip",
                "reference": "5f9f80817c96df8335c03875d74074862623fe5a",
                "shasum": ""
            },
            "require": {
                "symfony/var-dumper": "~2.7"
            },
            "type": "library",
            "autoload": {
                "files": [
                    "carbon-debug.php"
                ]
            },
            "notification-url": "https://packagist.org/downloads/",
            "license": [
                "GPL-2.0"
            ],
            "authors": [
                {
                    "name": "htmlBurger",
                    "email": "info@htmlburger.com"
                }
            ],
            "description": "Debugging functions, wrapping around Symfony's VarDumper.",
            "homepage": "https://bitbucket.org/htmlburger/carbon-debug",
            "support": {
                "source": "https://bitbucket.org/htmlburger/carbon-debug/src/5f9f80817c96df8335c03875d74074862623fe5a/?at=1.0.2"
            },
            "time": "2018-01-08T08:30:17+00:00"
        },
        {
            "name": "symfony/polyfill-mbstring",
            "version": "v1.38.2",
            "source": {
                "type": "git",
                "url": "https://github.com/symfony/polyfill-mbstring.git",
                "reference": "d3d318bad5e7a1bfbd026009c8bfb8d8f99ae6b6"
            },
            "dist": {
                "type": "zip",
                "url": "https://api.github.com/repos/symfony/polyfill-mbstring/zipball/d3d318bad5e7a1bfbd026009c8bfb8d8f99ae6b6",
                "reference": "d3d318bad5e7a1bfbd026009c8bfb8d8f99ae6b6",
                "shasum": ""
            },
            "require": {
                "ext-iconv": "*",
                "php": ">=7.2"
            },
            "provide": {
                "ext-mbstring": "*"
            },
            "suggest": {
                "ext-mbstring": "For best performance"
            },
            "type": "library",
            "extra": {
                "thanks": {
                    "url": "https://github.com/symfony/polyfill",
                    "name": "symfony/polyfill"
                }
            },
            "autoload": {
                "files": [
                    "bootstrap.php"
                ],
                "psr-4": {
                    "Symfony\\Polyfill\\Mbstring\\": ""
                }
            },
            "notification-url": "https://packagist.org/downloads/",
            "license": [
                "MIT"
            ],
            "authors": [
                {
                    "name": "Nicolas Grekas",
                    "email": "p@tchwork.com"
                },
                {
                    "name": "Symfony Community",
                    "homepage": "https://symfony.com/contributors"
                }
            ],
            "description": "Symfony polyfill for the Mbstring extension",
            "homepage": "https://symfony.com",
            "keywords": [
                "compatibility",
                "mbstring",
                "polyfill",
                "portable",
                "shim"
            ],
            "support": {
                "source": "https://github.com/symfony/polyfill-mbstring/tree/v1.38.2"
            },
            "funding": [
                {
                    "url": "https://symfony.com/sponsor",
                    "type": "custom"
                },
                {
                    "url": "https://github.com/fabpot",
                    "type": "github"
                },
                {
                    "url": "https://github.com/nicolas-grekas",
                    "type": "github"
                },
                {
                    "url": "https://tidelift.com/funding/github/packagist/symfony/symfony",
                    "type": "tidelift"
                }
            ],
            "time": "2026-05-27T06:59:30+00:00"
        },
        {
            "name": "symfony/var-dumper",
            "version": "v2.8.52",
            "source": {
                "type": "git",
                "url": "https://github.com/symfony/var-dumper.git",
                "reference": "91abb1e39d14fb7773d25de9c711949ea8502ac1"
            },
            "dist": {
                "type": "zip",
                "url": "https://api.github.com/repos/symfony/var-dumper/zipball/91abb1e39d14fb7773d25de9c711949ea8502ac1",
                "reference": "91abb1e39d14fb7773d25de9c711949ea8502ac1",
                "shasum": ""
            },
            "require": {
                "php": ">=5.3.9",
                "symfony/polyfill-mbstring": "~1.0"
            },
            "conflict": {
                "phpunit/phpunit": "<4.8.35|<5.4.3,>=5.0"
            },
            "require-dev": {
                "ext-iconv": "*",
                "twig/twig": "~1.34|~2.4"
            },
            "suggest": {
                "ext-iconv": "To convert non-UTF-8 strings to UTF-8 (or symfony/polyfill-iconv in case ext-iconv cannot be used).",
                "ext-symfony_debug": ""
            },
            "type": "library",
            "extra": {
                "branch-alias": {
                    "dev-master": "2.8-dev"
                }
            },
            "autoload": {
                "files": [
                    "Resources/functions/dump.php"
                ],
                "psr-4": {
                    "Symfony\\Component\\VarDumper\\": ""
                },
                "exclude-from-classmap": [
                    "/Tests/"
                ]
            },
            "notification-url": "https://packagist.org/downloads/",
            "license": [
                "MIT"
            ],
            "authors": [
                {
                    "name": "Nicolas Grekas",
                    "email": "p@tchwork.com"
                },
                {
                    "name": "Symfony Community",
                    "homepage": "https://symfony.com/contributors"
                }
            ],
            "description": "Symfony mechanism for exploring and dumping PHP variables",
            "homepage": "https://symfony.com",
            "keywords": [
                "debug",
                "dump"
            ],
            "support": {
                "source": "https://github.com/symfony/var-dumper/tree/v2.8.50"
            },
            "time": "2018-11-11T11:18:13+00:00"
        }
    ],
    "aliases": [],
    "minimum-stability": "stable",
    "stability-flags": {},
    "prefer-stable": false,
    "prefer-lowest": false,
    "platform": {
        "php": ">=8.0"
    },
    "platform-dev": {},
    "plugin-api-version": "2.9.0"
}
